
Microsoft Visual Studio Solution File, Format Version 12.00
# Visual Studio Version 17
VisualStudioVersion = 17.0.31903.59
MinimumVisualStudioVersion = 10.0.40219.1
Project("{2150E333-8FDC-42A3-9474-1A3956D46DE8}") = "src", "src", "{DBDA0A35-66BF-4916-8056-AC84D846B649}"
EndProject
Project("{FAE04EC0-301F-11D3-BF4B-00C04F79EFBC}") = "AuctionService", "src\AuctionService\AuctionService.csproj", "{39BA777C-70E1-4370-8E1A-66AB1B6C7B46}"
EndProject
Project("{FAE04EC0-301F-11D3-BF4B-00C04F79EFBC}") = "SearchService", "src\SearchService\SearchService.csproj", "{464FA827-C3F2-4731-A33D-422348CFF86B}"
EndProject
Global
	GlobalSection(SolutionConfigurationPlatforms) = preSolution
		Debug|Any CPU = Debug|Any CPU
		Release|Any CPU = Release|Any CPU
	EndGlobalSection
	GlobalSection(SolutionProperties) = preSolution
		HideSolutionNode = FALSE
	EndGlobalSection
	GlobalSection(ProjectConfigurationPlatforms) = postSolution
		{39BA777C-70E1-4370-8E1A-66AB1B6C7B46}.Debug|Any CPU.ActiveCfg = Debug|Any CPU
		{39BA777C-70E1-4370-8E1A-66AB1B6C7B46}.Debug|Any CPU.Build.0 = Debug|Any CPU
		{39BA777C-70E1-4370-8E1A-66AB1B6C7B46}.Release|Any CPU.ActiveCfg = Release|Any CPU
		{39BA777C-70E1-4370-8E1A-66AB1B6C7B46}.Release|Any CPU.Build.0 = Release|Any CPU
		{464FA827-C3F2-4731-A33D-422348CFF86B}.Debug|Any CPU.ActiveCfg = Debug|Any CPU
		{464FA827-C3F2-4731-A33D-422348CFF86B}.Debug|Any CPU.Build.0 = Debug|Any CPU
		{464FA827-C3F2-4731-A33D-422348CFF86B}.Release|Any CPU.ActiveCfg = Release|Any CPU
		{464FA827-C3F2-4731-A33D-422348CFF86B}.Release|Any CPU.Build.0 = Release|Any CPU
	EndGlobalSection
	GlobalSection(NestedProjects) = preSolution
		{39BA777C-70E1-4370-8E1A-66AB1B6C7B46} = {DBDA0A35-66BF-4916-8056-AC84D846B649}
		{464FA827-C3F2-4731-A33D-422348CFF86B} = {DBDA0A35-66BF-4916-8056-AC84D846B649}
	EndGlobalSection
EndGlobal
