
Microsoft Visual Studio Solution File, Format Version 12.00
# Visual Studio Version 17
VisualStudioVersion = 17.0.31903.59
MinimumVisualStudioVersion = 10.0.40219.1
Project("{2150E333-8FDC-42A3-9474-1A3956D46DE8}") = "src", "src", "{DBDA0A35-66BF-4916-8056-AC84D846B649}"
EndProject
Project("{FAE04EC0-301F-11D3-BF4B-00C04F79EFBC}") = "AuctionService", "src\AuctionService\AuctionService.csproj", "{39BA777C-70E1-4370-8E1A-66AB1B6C7B46}"
EndProject
Project("{FAE04EC0-301F-11D3-BF4B-00C04F79EFBC}") = "SearchService", "src\SearchService\SearchService.csproj", "{464FA827-C3F2-4731-A33D-422348CFF86B}"
EndProject
Project("{FAE04EC0-301F-11D3-BF4B-00C04F79EFBC}") = "Contracts", "src\Contracts\Contracts.csproj", "{23EE6CB1-170F-4214-8F55-59CABDEF2390}"
EndProject
Project("{FAE04EC0-301F-11D3-BF4B-00C04F79EFBC}") = "IdentityService", "src\IdentityService\IdentityService.csproj", "{C1B70156-085C-4C1E-8F1A-C04A0BC63797}"
EndProject
Project("{FAE04EC0-301F-11D3-BF4B-00C04F79EFBC}") = "GatewayService", "src\GatewayService\GatewayService.csproj", "{DFF596A8-4D31-42EB-A5D7-031CF8333103}"
EndProject
Project("{FAE04EC0-301F-11D3-BF4B-00C04F79EFBC}") = "BiddingService", "src\BiddingService\BiddingService.csproj", "{13EEEF05-80FF-418E-B557-779024D3C7FD}"
EndProject
Project("{FAE04EC0-301F-11D3-BF4B-00C04F79EFBC}") = "NotificationService", "src\NotificationService\NotificationService.csproj", "{0B3A154A-93AC-4B18-9E0B-A8BF99B0F65E}"
EndProject
Global
	GlobalSection(SolutionConfigurationPlatforms) = preSolution
		Debug|Any CPU = Debug|Any CPU
		Release|Any CPU = Release|Any CPU
	EndGlobalSection
	GlobalSection(SolutionProperties) = preSolution
		HideSolutionNode = FALSE
	EndGlobalSection
	GlobalSection(ProjectConfigurationPlatforms) = postSolution
		{39BA777C-70E1-4370-8E1A-66AB1B6C7B46}.Debug|Any CPU.ActiveCfg = Debug|Any CPU
		{39BA777C-70E1-4370-8E1A-66AB1B6C7B46}.Debug|Any CPU.Build.0 = Debug|Any CPU
		{39BA777C-70E1-4370-8E1A-66AB1B6C7B46}.Release|Any CPU.ActiveCfg = Release|Any CPU
		{39BA777C-70E1-4370-8E1A-66AB1B6C7B46}.Release|Any CPU.Build.0 = Release|Any CPU
		{464FA827-C3F2-4731-A33D-422348CFF86B}.Debug|Any CPU.ActiveCfg = Debug|Any CPU
		{464FA827-C3F2-4731-A33D-422348CFF86B}.Debug|Any CPU.Build.0 = Debug|Any CPU
		{464FA827-C3F2-4731-A33D-422348CFF86B}.Release|Any CPU.ActiveCfg = Release|Any CPU
		{464FA827-C3F2-4731-A33D-422348CFF86B}.Release|Any CPU.Build.0 = Release|Any CPU
		{23EE6CB1-170F-4214-8F55-59CABDEF2390}.Debug|Any CPU.ActiveCfg = Debug|Any CPU
		{23EE6CB1-170F-4214-8F55-59CABDEF2390}.Debug|Any CPU.Build.0 = Debug|Any CPU
		{23EE6CB1-170F-4214-8F55-59CABDEF2390}.Release|Any CPU.ActiveCfg = Release|Any CPU
		{23EE6CB1-170F-4214-8F55-59CABDEF2390}.Release|Any CPU.Build.0 = Release|Any CPU
		{C1B70156-085C-4C1E-8F1A-C04A0BC63797}.Debug|Any CPU.ActiveCfg = Debug|Any CPU
		{C1B70156-085C-4C1E-8F1A-C04A0BC63797}.Debug|Any CPU.Build.0 = Debug|Any CPU
		{C1B70156-085C-4C1E-8F1A-C04A0BC63797}.Release|Any CPU.ActiveCfg = Release|Any CPU
		{C1B70156-085C-4C1E-8F1A-C04A0BC63797}.Release|Any CPU.Build.0 = Release|Any CPU
		{DFF596A8-4D31-42EB-A5D7-031CF8333103}.Debug|Any CPU.ActiveCfg = Debug|Any CPU
		{DFF596A8-4D31-42EB-A5D7-031CF8333103}.Debug|Any CPU.Build.0 = Debug|Any CPU
		{DFF596A8-4D31-42EB-A5D7-031CF8333103}.Release|Any CPU.ActiveCfg = Release|Any CPU
		{DFF596A8-4D31-42EB-A5D7-031CF8333103}.Release|Any CPU.Build.0 = Release|Any CPU
		{13EEEF05-80FF-418E-B557-779024D3C7FD}.Debug|Any CPU.ActiveCfg = Debug|Any CPU
		{13EEEF05-80FF-418E-B557-779024D3C7FD}.Debug|Any CPU.Build.0 = Debug|Any CPU
		{13EEEF05-80FF-418E-B557-779024D3C7FD}.Release|Any CPU.ActiveCfg = Release|Any CPU
		{13EEEF05-80FF-418E-B557-779024D3C7FD}.Release|Any CPU.Build.0 = Release|Any CPU
		{0B3A154A-93AC-4B18-9E0B-A8BF99B0F65E}.Debug|Any CPU.ActiveCfg = Debug|Any CPU
		{0B3A154A-93AC-4B18-9E0B-A8BF99B0F65E}.Debug|Any CPU.Build.0 = Debug|Any CPU
		{0B3A154A-93AC-4B18-9E0B-A8BF99B0F65E}.Release|Any CPU.ActiveCfg = Release|Any CPU
		{0B3A154A-93AC-4B18-9E0B-A8BF99B0F65E}.Release|Any CPU.Build.0 = Release|Any CPU
	EndGlobalSection
	GlobalSection(NestedProjects) = preSolution
		{39BA777C-70E1-4370-8E1A-66AB1B6C7B46} = {DBDA0A35-66BF-4916-8056-AC84D846B649}
		{464FA827-C3F2-4731-A33D-422348CFF86B} = {DBDA0A35-66BF-4916-8056-AC84D846B649}
		{23EE6CB1-170F-4214-8F55-59CABDEF2390} = {DBDA0A35-66BF-4916-8056-AC84D846B649}
		{C1B70156-085C-4C1E-8F1A-C04A0BC63797} = {DBDA0A35-66BF-4916-8056-AC84D846B649}
		{DFF596A8-4D31-42EB-A5D7-031CF8333103} = {DBDA0A35-66BF-4916-8056-AC84D846B649}
		{13EEEF05-80FF-418E-B557-779024D3C7FD} = {DBDA0A35-66BF-4916-8056-AC84D846B649}
		{0B3A154A-93AC-4B18-9E0B-A8BF99B0F65E} = {DBDA0A35-66BF-4916-8056-AC84D846B649}
	EndGlobalSection
EndGlobal
